
Microsoft Visual Studio Solution File, Format Version 12.00
# Visual Studio Version 17
VisualStudioVersion = 17.7.34031.279
MinimumVisualStudioVersion = 10.0.40219.1
Project("{FAE04EC0-301F-11D3-BF4B-00C04F79EFBC}") = "MauiToAPK", "MauiToAPK\MauiToAPK.csproj", "{46361A49-16CC-4E27-9E47-5B2A0B099635}"
EndProject
Global
	GlobalSection(SolutionConfigurationPlatforms) = preSolution
		Debug|Any CPU = Debug|Any CPU
		Release|Any CPU = Release|Any CPU
	EndGlobalSection
	GlobalSection(ProjectConfigurationPlatforms) = postSolution
		{46361A49-16CC-4E27-9E47-5B2A0B099635}.Debug|Any CPU.ActiveCfg = Debug|Any CPU
		{46361A49-16CC-4E27-9E47-5B2A0B099635}.Debug|Any CPU.Build.0 = Debug|Any CPU
		{46361A49-16CC-4E27-9E47-5B2A0B099635}.Debug|Any CPU.Deploy.0 = Debug|Any CPU
		{46361A49-16CC-4E27-9E47-5B2A0B099635}.Release|Any CPU.ActiveCfg = Release|Any CPU
		{46361A49-16CC-4E27-9E47-5B2A0B099635}.Release|Any CPU.Build.0 = Release|Any CPU
		{46361A49-16CC-4E27-9E47-5B2A0B099635}.Release|Any CPU.Deploy.0 = Release|Any CPU
	EndGlobalSection
	GlobalSection(SolutionProperties) = preSolution
		HideSolutionNode = FALSE
	EndGlobalSection
	GlobalSection(ExtensibilityGlobals) = postSolution
		SolutionGuid = {8EB1C64D-743A-4B7C-8F84-A8ADBC5C1DAC}
	EndGlobalSection
EndGlobal
